
Microsoft Visual Studio Solution File, Format Version 12.00
# Visual Studio Version 17
VisualStudioVersion = 17.0.31903.59
MinimumVisualStudioVersion = 10.0.40219.1
Project("{9A19103F-16F7-4668-BE54-9A1E7A4F7556}") = "SupermarketTuto", "SupermarketTuto\SupermarketTuto.csproj", "{BCA9883B-0439-4097-B2C6-A7FB99E10789}"
EndProject
Project("{FAE04EC0-301F-11D3-BF4B-00C04F79EFBC}") = "DataClass", "DataClass\DataClass.csproj", "{87C9335D-0730-4430-9479-895F0AE1ABD8}"
EndProject
Project("{FAE04EC0-301F-11D3-BF4B-00C04F79EFBC}") = "CallSuperMarketAPI", "CallSuperMarketAPI\CallSuperMarketAPI.csproj", "{32162F81-4B38-4AA1-9791-D9AE4A658458}"
EndProject
Project("{FAE04EC0-301F-11D3-BF4B-00C04F79EFBC}") = "Server", "Server\Server.csproj", "{B7368C4C-7693-43B1-9DDA-D26E34FEA766}"
EndProject
Global
	GlobalSection(SolutionConfigurationPlatforms) = preSolution
		Debug|Any CPU = Debug|Any CPU
		Release|Any CPU = Release|Any CPU
	EndGlobalSection
	GlobalSection(ProjectConfigurationPlatforms) = postSolution
		{BCA9883B-0439-4097-B2C6-A7FB99E10789}.Debug|Any CPU.ActiveCfg = Debug|Any CPU
		{BCA9883B-0439-4097-B2C6-A7FB99E10789}.Debug|Any CPU.Build.0 = Debug|Any CPU
		{BCA9883B-0439-4097-B2C6-A7FB99E10789}.Release|Any CPU.ActiveCfg = Release|Any CPU
		{BCA9883B-0439-4097-B2C6-A7FB99E10789}.Release|Any CPU.Build.0 = Release|Any CPU
		{87C9335D-0730-4430-9479-895F0AE1ABD8}.Debug|Any CPU.ActiveCfg = Debug|Any CPU
		{87C9335D-0730-4430-9479-895F0AE1ABD8}.Debug|Any CPU.Build.0 = Debug|Any CPU
		{87C9335D-0730-4430-9479-895F0AE1ABD8}.Release|Any CPU.ActiveCfg = Release|Any CPU
		{87C9335D-0730-4430-9479-895F0AE1ABD8}.Release|Any CPU.Build.0 = Release|Any CPU
		{32162F81-4B38-4AA1-9791-D9AE4A658458}.Debug|Any CPU.ActiveCfg = Debug|Any CPU
		{32162F81-4B38-4AA1-9791-D9AE4A658458}.Debug|Any CPU.Build.0 = Debug|Any CPU
		{32162F81-4B38-4AA1-9791-D9AE4A658458}.Release|Any CPU.ActiveCfg = Release|Any CPU
		{32162F81-4B38-4AA1-9791-D9AE4A658458}.Release|Any CPU.Build.0 = Release|Any CPU
		{B7368C4C-7693-43B1-9DDA-D26E34FEA766}.Debug|Any CPU.ActiveCfg = Debug|Any CPU
		{B7368C4C-7693-43B1-9DDA-D26E34FEA766}.Debug|Any CPU.Build.0 = Debug|Any CPU
		{B7368C4C-7693-43B1-9DDA-D26E34FEA766}.Release|Any CPU.ActiveCfg = Release|Any CPU
		{B7368C4C-7693-43B1-9DDA-D26E34FEA766}.Release|Any CPU.Build.0 = Release|Any CPU
	EndGlobalSection
	GlobalSection(SolutionProperties) = preSolution
		HideSolutionNode = FALSE
	EndGlobalSection
	GlobalSection(ExtensibilityGlobals) = postSolution
		SolutionGuid = {92D5EC27-86E5-4EE3-AA61-2BC9E3993DB3}
	EndGlobalSection
EndGlobal
