
Microsoft Visual Studio Solution File, Format Version 12.00
# Visual Studio Version 17
VisualStudioVersion = 17.0.32126.317
MinimumVisualStudioVersion = 10.0.40219.1
Project("{FAE04EC0-301F-11D3-BF4B-00C04F79EFBC}") = "SuperMarketApp", "SuperMarketApp\SuperMarketApp.csproj", "{484F4D56-C6BC-47F8-9AF9-DA945F952694}"
EndProject
Global
	GlobalSection(SolutionConfigurationPlatforms) = preSolution
		Debug|Any CPU = Debug|Any CPU
		Release|Any CPU = Release|Any CPU
	EndGlobalSection
	GlobalSection(ProjectConfigurationPlatforms) = postSolution
		{484F4D56-C6BC-47F8-9AF9-DA945F952694}.Debug|Any CPU.ActiveCfg = Debug|Any CPU
		{484F4D56-C6BC-47F8-9AF9-DA945F952694}.Debug|Any CPU.Build.0 = Debug|Any CPU
		{484F4D56-C6BC-47F8-9AF9-DA945F952694}.Release|Any CPU.ActiveCfg = Release|Any CPU
		{484F4D56-C6BC-47F8-9AF9-DA945F952694}.Release|Any CPU.Build.0 = Release|Any CPU
	EndGlobalSection
	GlobalSection(SolutionProperties) = preSolution
		HideSolutionNode = FALSE
	EndGlobalSection
	GlobalSection(ExtensibilityGlobals) = postSolution
		SolutionGuid = {27AF33EC-60A7-48F9-B634-C8D9900EE724}
	EndGlobalSection
EndGlobal
